<?xml version="1.0" encoding="utf-8"?>
<Project ToolsVersion="4.0" xmlns="http://schemas.microsoft.com/developer/msbuild/2003">
  <ItemGroup>
    <Filter Include="Pliki źródłowe">
      <UniqueIdentifier>{4FC737F1-C7A5-4376-A066-2A32D752A2FF}</UniqueIdentifier>
      <Extensions>cpp;c;cc;cxx;def;odl;idl;hpj;bat;asm;asmx</Extensions>
    </Filter>
    <Filter Include="Pliki nagłówkowe">
      <UniqueIdentifier>{93995380-89BD-4b04-88EB-625FBE52EBFB}</UniqueIdentifier>
      <Extensions>h;hh;hpp;hxx;hm;inl;inc;ipp;xsd</Extensions>
    </Filter>
    <Filter Include="Pliki zasobów">
      <UniqueIdentifier>{67DA6AB6-F800-4c08-8B7A-83BB121AAD01}</UniqueIdentifier>
      <Extensions>rc;ico;cur;bmp;dlg;rc2;rct;bin;rgs;gif;jpg;jpeg;jpe;resx;tiff;tif;png;wav;mfcribbon-ms</Extensions>
    </Filter>
  </ItemGroup>
  <ItemGroup>
    <ClCompile Include="src\Application.cpp">
      <Filter>Pliki źródłowe</Filter>
    </ClCompile>
    <ClCompile Include="src\Stats.cpp">
      <Filter>Pliki źródłowe</Filter>
    </ClCompile>
    <ClCompile Include="src\Shader.cpp">
      <Filter>Pliki źródłowe</Filter>
    </ClCompile>
    <ClCompile Include="src\Timer.cpp">
      <Filter>Pliki źródłowe</Filter>
    </ClCompile>
    <ClCompile Include="src\Maps\Map.cpp">
      <Filter>Pliki źródłowe</Filter>
    </ClCompile>
    <ClCompile Include="src\Maps\Tile.cpp">
      <Filter>Pliki źródłowe</Filter>
    </ClCompile>
    <ClCompile Include="src\Renderer\Renderer.cpp">
      <Filter>Pliki źródłowe</Filter>
    </ClCompile>
    <ClCompile Include="src\GameEngine.cpp">
      <Filter>Pliki źródłowe</Filter>
    </ClCompile>
  </ItemGroup>
  <ItemGroup>
    <None Include="res\shaders\Basic.shader" />
    <None Include="src\fs.fs" />
    <None Include="src\vs.vs" />
  </ItemGroup>
  <ItemGroup>
    <ClInclude Include="src\Coords.h">
      <Filter>Pliki nagłówkowe</Filter>
    </ClInclude>
    <ClInclude Include="src\Character.h">
      <Filter>Pliki nagłówkowe</Filter>
    </ClInclude>
    <ClInclude Include="src\Stats.h">
      <Filter>Pliki nagłówkowe</Filter>
    </ClInclude>
    <ClInclude Include="src\Skill.h">
      <Filter>Pliki nagłówkowe</Filter>
    </ClInclude>
    <ClInclude Include="src\Object.h">
      <Filter>Pliki nagłówkowe</Filter>
    </ClInclude>
    <ClInclude Include="src\Item.h">
      <Filter>Pliki nagłówkowe</Filter>
    </ClInclude>
    <ClInclude Include="src\Obstacle.h">
      <Filter>Pliki nagłówkowe</Filter>
    </ClInclude>
    <ClInclude Include="src\Enemy.h">
      <Filter>Pliki nagłówkowe</Filter>
    </ClInclude>
    <ClInclude Include="src\Hero.h">
      <Filter>Pliki nagłówkowe</Filter>
    </ClInclude>
    <ClInclude Include="src\Shader.h">
      <Filter>Pliki nagłówkowe</Filter>
    </ClInclude>
    <ClInclude Include="src\Timer.h">
      <Filter>Pliki nagłówkowe</Filter>
    </ClInclude>
    <ClInclude Include="src\Maps\Map.h">
      <Filter>Pliki nagłówkowe</Filter>
    </ClInclude>
    <ClInclude Include="src\Maps\Tile.h">
      <Filter>Pliki nagłówkowe</Filter>
    </ClInclude>
    <ClInclude Include="src\Renderer\Renderer.h">
      <Filter>Pliki nagłówkowe</Filter>
    </ClInclude>
    <ClInclude Include="src\GameEngine.h">
      <Filter>Pliki nagłówkowe</Filter>
    </ClInclude>
  </ItemGroup>
  <ItemGroup>
    <Image Include="res\Sprites\wooden.jpg">
      <Filter>Pliki zasobów</Filter>
    </Image>
    <Image Include="res\Sprites\0.jpg">
      <Filter>Pliki zasobów</Filter>
    </Image>
    <Image Include="res\Sprites\1.jpg">
      <Filter>Pliki zasobów</Filter>
    </Image>
    <Image Include="res\Sprites\2.jpg">
      <Filter>Pliki zasobów</Filter>
    </Image>
    <Image Include="res\Sprites\3.jpg">
      <Filter>Pliki zasobów</Filter>
    </Image>
    <Image Include="res\Sprites\4.jpg">
      <Filter>Pliki zasobów</Filter>
    </Image>
    <Image Include="res\Sprites\5.jpg">
      <Filter>Pliki zasobów</Filter>
    </Image>
    <Image Include="res\Sprites\6.jpg">
      <Filter>Pliki zasobów</Filter>
    </Image>
    <Image Include="res\Sprites\7.jpg">
      <Filter>Pliki zasobów</Filter>
    </Image>
    <Image Include="res\Sprites\8.jpg">
      <Filter>Pliki zasobów</Filter>
    </Image>
    <Image Include="res\Sprites\9.jpg">
      <Filter>Pliki zasobów</Filter>
    </Image>
    <Image Include="res\Sprites\10.jpg">
      <Filter>Pliki zasobów</Filter>
    </Image>
    <Image Include="res\Sprites\10 - 2.jpg">
      <Filter>Pliki zasobów</Filter>
    </Image>
  </ItemGroup>
  <ItemGroup>
    <Text Include="res\Sprites\map1.txt" />
  </ItemGroup>
</Project>