<?xml version="1.0" encoding="utf-8"?>
<Project ToolsVersion="4.0" xmlns="http://schemas.microsoft.com/developer/msbuild/2003">
  <ItemGroup>
    <Filter Include="Pliki źródłowe">
      <UniqueIdentifier>{4FC737F1-C7A5-4376-A066-2A32D752A2FF}</UniqueIdentifier>
      <Extensions>cpp;c;cc;cxx;def;odl;idl;hpj;bat;asm;asmx</Extensions>
    </Filter>
    <Filter Include="Pliki nagłówkowe">
      <UniqueIdentifier>{93995380-89BD-4b04-88EB-625FBE52EBFB}</UniqueIdentifier>
      <Extensions>h;hh;hpp;hxx;hm;inl;inc;ipp;xsd</Extensions>
    </Filter>
    <Filter Include="Pliki zasobów">
      <UniqueIdentifier>{67DA6AB6-F800-4c08-8B7A-83BB121AAD01}</UniqueIdentifier>
      <Extensions>rc;ico;cur;bmp;dlg;rc2;rct;bin;rgs;gif;jpg;jpeg;jpe;resx;tiff;tif;png;wav;mfcribbon-ms</Extensions>
    </Filter>
  </ItemGroup>
  <ItemGroup>
    <ClCompile Include="src\Maps\Map.cpp">
      <Filter>Pliki źródłowe</Filter>
    </ClCompile>
    <ClCompile Include="src\Maps\Tile.cpp">
      <Filter>Pliki źródłowe</Filter>
    </ClCompile>
    <ClCompile Include="src\Renderer\Renderer.cpp">
      <Filter>Pliki źródłowe</Filter>
    </ClCompile>
    <ClCompile Include="src\Shaders\Shader.cpp">
      <Filter>Pliki źródłowe</Filter>
    </ClCompile>
    <ClCompile Include="src\GameEngine\GameEngine.cpp">
      <Filter>Pliki źródłowe</Filter>
    </ClCompile>
    <ClCompile Include="src\Utility\Timer.cpp">
      <Filter>Pliki źródłowe</Filter>
    </ClCompile>
    <ClCompile Include="src\main.cpp">
      <Filter>Pliki źródłowe</Filter>
    </ClCompile>
    <ClCompile Include="src\Renderer\Texture.cpp">
      <Filter>Pliki źródłowe</Filter>
    </ClCompile>
    <ClCompile Include="src\Characters\Character.cpp">
      <Filter>Pliki źródłowe</Filter>
    </ClCompile>
    <ClCompile Include="src\Characters\Hero.cpp">
      <Filter>Pliki źródłowe</Filter>
    </ClCompile>
    <ClCompile Include="src\Stats\Stats.cpp">
      <Filter>Pliki źródłowe</Filter>
    </ClCompile>
    <ClCompile Include="src\Items\Item.cpp">
      <Filter>Pliki źródłowe</Filter>
    </ClCompile>
    <ClCompile Include="src\Characters\Enemy.cpp">
      <Filter>Pliki źródłowe</Filter>
    </ClCompile>
    <ClCompile Include="src\Weapons\Projectile.cpp">
      <Filter>Pliki źródłowe</Filter>
    </ClCompile>
    <ClCompile Include="src\Renderer\Camera.cpp">
      <Filter>Pliki źródłowe</Filter>
    </ClCompile>
    <ClCompile Include="src\Maps\LvlGenerator.cpp">
      <Filter>Pliki źródłowe</Filter>
    </ClCompile>
    <ClCompile Include="src\AssetManager\AssetManager.cpp">
      <Filter>Pliki źródłowe</Filter>
    </ClCompile>
    <ClCompile Include="src\Basics\Origin.cpp">
      <Filter>Pliki źródłowe</Filter>
    </ClCompile>
    <ClCompile Include="src\Basics\Animation.cpp">
      <Filter>Pliki źródłowe</Filter>
    </ClCompile>
    <ClCompile Include="src\Items\ItemGenerator.cpp">
      <Filter>Pliki źródłowe</Filter>
    </ClCompile>
    <ClCompile Include="src\Renderer\TextGenerator.cpp">
      <Filter>Pliki źródłowe</Filter>
    </ClCompile>
    <ClCompile Include="src\GameEngine\Sound.cpp">
      <Filter>Pliki źródłowe</Filter>
    </ClCompile>
  </ItemGroup>
  <ItemGroup>
    <None Include="src\Shaders\vs.vs" />
    <None Include="src\Shaders\fs.fs" />
    <None Include="src\Shaders\fs2.fs" />
  </ItemGroup>
  <ItemGroup>
    <ClInclude Include="src\Maps\Map.h">
      <Filter>Pliki nagłówkowe</Filter>
    </ClInclude>
    <ClInclude Include="src\Maps\Tile.h">
      <Filter>Pliki nagłówkowe</Filter>
    </ClInclude>
    <ClInclude Include="src\Renderer\Renderer.h">
      <Filter>Pliki nagłówkowe</Filter>
    </ClInclude>
    <ClInclude Include="src\Shaders\Shader.h">
      <Filter>Pliki nagłówkowe</Filter>
    </ClInclude>
    <ClInclude Include="src\GameEngine\GameEngine.h">
      <Filter>Pliki nagłówkowe</Filter>
    </ClInclude>
    <ClInclude Include="src\Utility\Timer.h">
      <Filter>Pliki nagłówkowe</Filter>
    </ClInclude>
    <ClInclude Include="src\Renderer\Texture.h">
      <Filter>Pliki nagłówkowe</Filter>
    </ClInclude>
    <ClInclude Include="src\Characters\Character.h">
      <Filter>Pliki nagłówkowe</Filter>
    </ClInclude>
    <ClInclude Include="src\Characters\Enemy.h">
      <Filter>Pliki nagłówkowe</Filter>
    </ClInclude>
    <ClInclude Include="src\Characters\Hero.h">
      <Filter>Pliki nagłówkowe</Filter>
    </ClInclude>
    <ClInclude Include="src\Stats\Skill.h">
      <Filter>Pliki nagłówkowe</Filter>
    </ClInclude>
    <ClInclude Include="src\Stats\Stats.h">
      <Filter>Pliki nagłówkowe</Filter>
    </ClInclude>
    <ClInclude Include="src\Items\Item.h">
      <Filter>Pliki nagłówkowe</Filter>
    </ClInclude>
    <ClInclude Include="src\Basics\Coords.h">
      <Filter>Pliki nagłówkowe</Filter>
    </ClInclude>
    <ClInclude Include="src\Weapons\Projectile.h">
      <Filter>Pliki nagłówkowe</Filter>
    </ClInclude>
    <ClInclude Include="src\Utility\Vec2.h">
      <Filter>Pliki nagłówkowe</Filter>
    </ClInclude>
    <ClInclude Include="src\Renderer\Camera.h">
      <Filter>Pliki nagłówkowe</Filter>
    </ClInclude>
    <ClInclude Include="src\Maps\LvlGenerator.h">
      <Filter>Pliki nagłówkowe</Filter>
    </ClInclude>
    <ClInclude Include="src\AssetManager\AssetManager.h">
      <Filter>Pliki nagłówkowe</Filter>
    </ClInclude>
    <ClInclude Include="src\Basics\Origin.h">
      <Filter>Pliki nagłówkowe</Filter>
    </ClInclude>
    <ClInclude Include="src\Basics\Dynamic.h">
      <Filter>Pliki nagłówkowe</Filter>
    </ClInclude>
    <ClInclude Include="src\Basics\Animation.h">
      <Filter>Pliki nagłówkowe</Filter>
    </ClInclude>
    <ClInclude Include="src\Items\ItemGenerator.h">
      <Filter>Pliki nagłówkowe</Filter>
    </ClInclude>
    <ClInclude Include="src\Renderer\TextGenerator.h">
      <Filter>Pliki nagłówkowe</Filter>
    </ClInclude>
    <ClInclude Include="src\GameEngine\Sound.h">
      <Filter>Pliki nagłówkowe</Filter>
    </ClInclude>
  </ItemGroup>
  <ItemGroup>
    <Image Include="res\Sprites\wooden.jpg">
      <Filter>Pliki zasobów</Filter>
    </Image>
    <Image Include="res\Sprites\Player\awesome.png">
      <Filter>Pliki zasobów</Filter>
    </Image>
    <Image Include="res\Sprites\Player\issac.png">
      <Filter>Pliki zasobów</Filter>
    </Image>
    <Image Include="res\Sprites\Objects\closed.png">
      <Filter>Pliki zasobów</Filter>
    </Image>
    <Image Include="res\Sprites\Objects\opened.png">
      <Filter>Pliki zasobów</Filter>
    </Image>
    <Image Include="res\Sprites\Enemies\Zombie\zombie.png">
      <Filter>Pliki zasobów</Filter>
    </Image>
    <Image Include="res\Sprites\Map\Basement\0.jpg">
      <Filter>Pliki zasobów</Filter>
    </Image>
    <Image Include="res\Sprites\Map\Basement\1.jpg">
      <Filter>Pliki zasobów</Filter>
    </Image>
    <Image Include="res\Sprites\Map\Basement\2.jpg">
      <Filter>Pliki zasobów</Filter>
    </Image>
    <Image Include="res\Sprites\Map\Basement\3.jpg">
      <Filter>Pliki zasobów</Filter>
    </Image>
    <Image Include="res\Sprites\Map\Basement\4.jpg">
      <Filter>Pliki zasobów</Filter>
    </Image>
    <Image Include="res\Sprites\Map\Basement\5.jpg">
      <Filter>Pliki zasobów</Filter>
    </Image>
    <Image Include="res\Sprites\Map\Basement\6.jpg">
      <Filter>Pliki zasobów</Filter>
    </Image>
    <Image Include="res\Sprites\Map\Basement\7.jpg">
      <Filter>Pliki zasobów</Filter>
    </Image>
    <Image Include="res\Sprites\Map\Basement\8.jpg">
      <Filter>Pliki zasobów</Filter>
    </Image>
    <Image Include="res\Sprites\Map\Basement\9.jpg">
      <Filter>Pliki zasobów</Filter>
    </Image>
    <Image Include="res\Sprites\Map\Basement\10.jpg">
      <Filter>Pliki zasobów</Filter>
    </Image>
    <Image Include="res\Sprites\Map\Basement\10-white.jpg">
      <Filter>Pliki zasobów</Filter>
    </Image>
    <Image Include="res\Sprites\Tears\basic_tear.png">
      <Filter>Pliki zasobów</Filter>
    </Image>
    <Image Include="res\Sprites\Enemies\Skelly\skelly.png">
      <Filter>Pliki zasobów</Filter>
    </Image>
    <Image Include="res\Sprites\Items\SpeedBoots.png">
      <Filter>Pliki zasobów</Filter>
    </Image>
    <Image Include="res\Sprites\Player\player3.png">
      <Filter>Pliki zasobów</Filter>
    </Image>
    <Image Include="res\Sprites\Tears\tearsheet.png">
      <Filter>Pliki zasobów</Filter>
    </Image>
  </ItemGroup>
  <ItemGroup>
    <Text Include="res\Data\map.txt" />
    <Text Include="res\Data\Map\Basement.txt" />
    <Text Include="res\Data\Items\SpeedBoots.txt" />
  </ItemGroup>
</Project>